<?xml version="1.0" encoding="utf-8"?>
<Project ToolsVersion="4.0" xmlns="http://schemas.microsoft.com/developer/msbuild/2003">
  <ItemGroup>
    <Filter Include="Source Files">
      <UniqueIdentifier>{4FC737F1-C7A5-4376-A066-2A32D752A2FF}</UniqueIdentifier>
      <Extensions>cpp;c;cc;cxx;c++;cppm;ixx;def;odl;idl;hpj;bat;asm;asmx</Extensions>
    </Filter>
    <Filter Include="Header Files">
      <UniqueIdentifier>{93995380-89BD-4b04-88EB-625FBE52EBFB}</UniqueIdentifier>
      <Extensions>h;hh;hpp;hxx;h++;hm;inl;inc;ipp;xsd</Extensions>
    </Filter>
    <Filter Include="Resource Files">
      <UniqueIdentifier>{67DA6AB6-F800-4c08-8B7A-83BB121AAD01}</UniqueIdentifier>
      <Extensions>rc;ico;cur;bmp;dlg;rc2;rct;bin;rgs;gif;jpg;jpeg;jpe;resx;tiff;tif;png;wav;mfcribbon-ms</Extensions>
    </Filter>
    <Filter Include="Header Files\Static">
      <UniqueIdentifier>{b3629a3f-53a9-4802-8d79-8f6d1256213f}</UniqueIdentifier>
    </Filter>
    <Filter Include="Header Files\Neurons">
      <UniqueIdentifier>{0bb8840f-983e-409f-bdc0-257f28758b7d}</UniqueIdentifier>
    </Filter>
    <Filter Include="Source Files\Static">
      <UniqueIdentifier>{0fd71f69-d3e7-4a47-ab55-a3bf6744bf5e}</UniqueIdentifier>
    </Filter>
    <Filter Include="Source Files\Neurons">
      <UniqueIdentifier>{f166673b-fc82-4df2-9449-b27a8a588cd4}</UniqueIdentifier>
    </Filter>
    <Filter Include="Header Files\Neurons\Connections">
      <UniqueIdentifier>{dc37c130-9f89-4185-b03a-2de21742cd88}</UniqueIdentifier>
    </Filter>
    <Filter Include="Source Files\Neurons\Connections">
      <UniqueIdentifier>{8b9cafe0-2f3e-41da-8b9a-3013ad104e96}</UniqueIdentifier>
    </Filter>
  </ItemGroup>
  <ItemGroup>
    <ClCompile Include="NeuralNetwork.cpp">
      <Filter>Source Files</Filter>
    </ClCompile>
    <ClCompile Include="INeuron.cpp">
      <Filter>Source Files\Neurons</Filter>
    </ClCompile>
    <ClCompile Include="DenseNeuron.cpp">
      <Filter>Source Files\Neurons</Filter>
    </ClCompile>
    <ClCompile Include="ActivationFunctions.cpp">
      <Filter>Source Files\Static</Filter>
    </ClCompile>
    <ClCompile Include="IConnections.cpp">
      <Filter>Source Files\Neurons\Connections</Filter>
    </ClCompile>
    <ClCompile Include="DenseConnections.cpp">
      <Filter>Source Files\Neurons\Connections</Filter>
    </ClCompile>
    <ClCompile Include="ValueGeneration.cpp">
      <Filter>Source Files\Static</Filter>
    </ClCompile>
    <ClCompile Include="Cost.cpp">
      <Filter>Source Files\Static</Filter>
    </ClCompile>
    <ClCompile Include="Derivatives.cpp">
      <Filter>Source Files\Static</Filter>
    </ClCompile>
    <ClCompile Include="LayerLibrary.cpp">
      <Filter>Source Files</Filter>
    </ClCompile>
    <ClCompile Include="NN.cpp">
      <Filter>Source Files</Filter>
    </ClCompile>
  </ItemGroup>
  <ItemGroup>
    <ClInclude Include="INeuron.h">
      <Filter>Header Files\Neurons</Filter>
    </ClInclude>
    <ClInclude Include="DenseNeuron.h">
      <Filter>Header Files\Neurons</Filter>
    </ClInclude>
    <ClInclude Include="ActivationFunctions.h">
      <Filter>Header Files\Static</Filter>
    </ClInclude>
    <ClInclude Include="IConnections.h">
      <Filter>Header Files\Neurons\Connections</Filter>
    </ClInclude>
    <ClInclude Include="DenseConnections.h">
      <Filter>Header Files\Neurons\Connections</Filter>
    </ClInclude>
    <ClInclude Include="ValueGeneration.h">
      <Filter>Header Files\Static</Filter>
    </ClInclude>
    <ClInclude Include="Cost.h">
      <Filter>Header Files\Static</Filter>
    </ClInclude>
    <ClInclude Include="Derivatives.h">
      <Filter>Header Files\Static</Filter>
    </ClInclude>
    <ClInclude Include="LayerLibrary.h">
      <Filter>Header Files</Filter>
    </ClInclude>
    <ClInclude Include="NN.h">
      <Filter>Header Files</Filter>
    </ClInclude>
  </ItemGroup>
</Project>